
Microsoft Visual Studio Solution File, Format Version 12.00
# Visual Studio Version 16
VisualStudioVersion = 16.0.31005.135
MinimumVisualStudioVersion = 10.0.40219.1
Project("{FAE04EC0-301F-11D3-BF4B-00C04F79EFBC}") = "DogfoodCloudApp", "DogfoodCloudApp\DogfoodCloudApp.csproj", "{688C0C3B-7613-4195-BEB9-F02963947847}"
EndProject
Global
	GlobalSection(SolutionConfigurationPlatforms) = preSolution
		Debug|Any CPU = Debug|Any CPU
		Release|Any CPU = Release|Any CPU
	EndGlobalSection
	GlobalSection(ProjectConfigurationPlatforms) = postSolution
		{688C0C3B-7613-4195-BEB9-F02963947847}.Debug|Any CPU.ActiveCfg = Debug|Any CPU
		{688C0C3B-7613-4195-BEB9-F02963947847}.Debug|Any CPU.Build.0 = Debug|Any CPU
		{688C0C3B-7613-4195-BEB9-F02963947847}.Release|Any CPU.ActiveCfg = Release|Any CPU
		{688C0C3B-7613-4195-BEB9-F02963947847}.Release|Any CPU.Build.0 = Release|Any CPU
	EndGlobalSection
	GlobalSection(SolutionProperties) = preSolution
		HideSolutionNode = FALSE
	EndGlobalSection
	GlobalSection(ExtensibilityGlobals) = postSolution
		SolutionGuid = {90EF1E2B-C777-4A2C-ACEB-B34366EE6685}
	EndGlobalSection
EndGlobal
